{
  "name": "react",
  "version": "0.0.0",
  "lockfileVersion": 1,
  "requires": true,
  "dependencies": {
    "@babel/runtime": {
      "version": "7.9.0",
      "resolved": "https://registry.npmjs.org/@babel/runtime/-/runtime-7.9.0.tgz",
      "integrity": "sha512-cTIudHnzuWLS56ik4DnRnqqNf8MkdUzV4iFFI1h7Jo9xvrpQROYaAnaSd2mHLQAzzZAPfATynX5ord6YlNYNMA==",
      "requires": {
        "regenerator-runtime": "^0.13.4"
      }
    },
    "@inlet/react-pixi": {
      "version": "5.0.1",
      "requires": {
        "fbjs": "^1.0.0",
        "performance-now": "^2.1.0",
        "react-reconciler": "0.25.1"
      }
    },
    "@pixi/accessibility": {
      "version": "5.3.0",
      "resolved": "https://registry.npmjs.org/@pixi/accessibility/-/accessibility-5.3.0.tgz",
      "integrity": "sha512-L1oyQH4MaVk57UR0c2Votk8ti2s8mqdTAU8ckqtV/sSckvCCcNivuOSa/1E2A92yhzg5qliZp7OQUsWvZz1u7Q==",
      "requires": {
        "@pixi/core": "5.3.0",
        "@pixi/display": "5.3.0",
        "@pixi/utils": "5.3.0"
      }
    },
    "@pixi/app": {
      "version": "5.3.0",
      "resolved": "https://registry.npmjs.org/@pixi/app/-/app-5.3.0.tgz",
      "integrity": "sha512-7U4w5EvFU9N9SMa7eBhaEMtQyHUWRHeXg1wKMIAeOcfOY9WR0KmXqWS1J1mbLtkDLG2ZVfRDS2Zs0ZhIcbL+9Q==",
      "requires": {
        "@pixi/core": "5.3.0",
        "@pixi/display": "5.3.0"
      }
    },
    "@pixi/constants": {
      "version": "5.3.0",
      "resolved": "https://registry.npmjs.org/@pixi/constants/-/constants-5.3.0.tgz",
      "integrity": "sha512-tJtzKNbKA86NZ5EYeWsZfzni9kGIAfP9ZKU5036gfvMesiERAZqYUFjDUkrxF6g8pRyxcC4QBppDmB3YIKQhMA=="
    },
    "@pixi/core": {
      "version": "5.3.0",
      "resolved": "https://registry.npmjs.org/@pixi/core/-/core-5.3.0.tgz",
      "integrity": "sha512-HfEaGzzLmcTaJKQ5jyHX44e6fMjhL5qV35tsqdMS41S9dDPSwp+Rhi9kYCeOr3SC0jQH4i9Nus46kqUpszvkQA==",
      "requires": {
        "@pixi/constants": "5.3.0",
        "@pixi/math": "5.3.0",
        "@pixi/runner": "5.3.0",
        "@pixi/settings": "5.3.0",
        "@pixi/ticker": "5.3.0",
        "@pixi/utils": "5.3.0"
      }
    },
    "@pixi/display": {
      "version": "5.3.0",
      "resolved": "https://registry.npmjs.org/@pixi/display/-/display-5.3.0.tgz",
      "integrity": "sha512-3H5z9K2m70lO8asf+KIPFeeYU6b+GsZX/JQeJREvTwNU7WziL6sBjLeHsgW6/YwkDdsF8BF81GYlRRzSwka0eg==",
      "requires": {
        "@pixi/math": "5.3.0",
        "@pixi/settings": "5.3.0",
        "@pixi/utils": "5.3.0"
      }
    },
    "@pixi/extract": {
      "version": "5.3.0",
      "resolved": "https://registry.npmjs.org/@pixi/extract/-/extract-5.3.0.tgz",
      "integrity": "sha512-B3g4mlr8Je1TPrO3OrSt5sUhOJjMiqhR/BZr+ixR5hyVIXAJ79JAISBQ1WHgGYrv+v0Uq2zW/jyKffge2ksDOQ==",
      "requires": {
        "@pixi/core": "5.3.0",
        "@pixi/math": "5.3.0",
        "@pixi/utils": "5.3.0"
      }
    },
    "@pixi/filter-alpha": {
      "version": "5.3.0",
      "resolved": "https://registry.npmjs.org/@pixi/filter-alpha/-/filter-alpha-5.3.0.tgz",
      "integrity": "sha512-E/2off+dIJk45MymMQSwEmAUd+D5gmwuTNM5J9XPvJsauXkiQgmvSJTYwOBojPLgE6Tz74dwzjPfyVXhXD2OMw==",
      "requires": {
        "@pixi/core": "5.3.0"
      }
    },
    "@pixi/filter-blur": {
      "version": "5.3.0",
      "resolved": "https://registry.npmjs.org/@pixi/filter-blur/-/filter-blur-5.3.0.tgz",
      "integrity": "sha512-p/Wjy+ylrCkUuMeNneubKkNuw2b9pDxEM9Ox1wAzWwe9MXYNeU/NU3RPnU7d0XGtxK+VxpOm3ktKbghtuMzoJQ==",
      "requires": {
        "@pixi/core": "5.3.0",
        "@pixi/settings": "5.3.0"
      }
    },
    "@pixi/filter-color-matrix": {
      "version": "5.3.0",
      "resolved": "https://registry.npmjs.org/@pixi/filter-color-matrix/-/filter-color-matrix-5.3.0.tgz",
      "integrity": "sha512-TytHEkVtmVEaEKNYUtbLMxjE66FJsTRLZxdXDfbKJmYSlItvKj/Dfaau8JVntnK5hXCgQShnGZv7pQJmOZGJwQ==",
      "requires": {
        "@pixi/core": "5.3.0"
      }
    },
    "@pixi/filter-displacement": {
      "version": "5.3.0",
      "resolved": "https://registry.npmjs.org/@pixi/filter-displacement/-/filter-displacement-5.3.0.tgz",
      "integrity": "sha512-fExR6lo0WYLuxB5fWGzzE6v9rHO5Pbq2W54oa1GKCEmKgUsKlRE81TGAeSOfSlz7wilrjQkfOzAECk8Q4b1Isg==",
      "requires": {
        "@pixi/core": "5.3.0",
        "@pixi/math": "5.3.0"
      }
    },
    "@pixi/filter-fxaa": {
      "version": "5.3.0",
      "resolved": "https://registry.npmjs.org/@pixi/filter-fxaa/-/filter-fxaa-5.3.0.tgz",
      "integrity": "sha512-vQxDEYGfu7ZF1IE5GpFPcUaOfWTiUq0ZgSdHzTlOdpdQ08Cq8DgTZAxRAd2sh1RBHANpyMlaFgAJLW6zJcLAnQ==",
      "requires": {
        "@pixi/core": "5.3.0"
      }
    },
    "@pixi/filter-noise": {
      "version": "5.3.0",
      "resolved": "https://registry.npmjs.org/@pixi/filter-noise/-/filter-noise-5.3.0.tgz",
      "integrity": "sha512-mL3QjZgGBZRmuaT9j8b985dx0d0oO1B34OIV4T8mp8Mgvxt8XtnVNJyttTACRCZE7hoRw7FyiauOwiApNYG3vw==",
      "requires": {
        "@pixi/core": "5.3.0"
      }
    },
    "@pixi/graphics": {
      "version": "5.3.0",
      "resolved": "https://registry.npmjs.org/@pixi/graphics/-/graphics-5.3.0.tgz",
      "integrity": "sha512-ey+uo6oABO4uGF514LINzte4za2Ezrf0keMpmynaoN8Eafe9Uep/PEmLj2BcdoNugRzcruJLqEoSQusQHQ23Jg==",
      "requires": {
        "@pixi/constants": "5.3.0",
        "@pixi/core": "5.3.0",
        "@pixi/display": "5.3.0",
        "@pixi/math": "5.3.0",
        "@pixi/sprite": "5.3.0",
        "@pixi/utils": "5.3.0"
      }
    },
    "@pixi/interaction": {
      "version": "5.3.0",
      "resolved": "https://registry.npmjs.org/@pixi/interaction/-/interaction-5.3.0.tgz",
      "integrity": "sha512-gc3uOzZqfKD9UCjNUYL23F8eLqXF+Epnji/HtwzOFq6P9Ybr5DIrbAG/8nFS7UjHIUUbFZ/Tw5FgqgprfAfDwA==",
      "requires": {
        "@pixi/core": "5.3.0",
        "@pixi/display": "5.3.0",
        "@pixi/math": "5.3.0",
        "@pixi/ticker": "5.3.0",
        "@pixi/utils": "5.3.0"
      }
    },
    "@pixi/loaders": {
      "version": "5.3.0",
      "resolved": "https://registry.npmjs.org/@pixi/loaders/-/loaders-5.3.0.tgz",
      "integrity": "sha512-g85GUuGWjJmh59J8gVjcIIy9rz+Zurj+cgVWb1oGTmpAVn2q19VX9Wks167SW+vLlng4UWJyjOV91pKnW7Ys9g==",
      "requires": {
        "@pixi/core": "5.3.0",
        "@pixi/utils": "5.3.0",
        "resource-loader": "^3.0.1"
      }
    },
    "@pixi/math": {
      "version": "5.3.0",
      "resolved": "https://registry.npmjs.org/@pixi/math/-/math-5.3.0.tgz",
      "integrity": "sha512-tNCEJsRhlpz2AZEhs3CPS372zgONc535pnZ9LlzErhPhbaugRraTuYrVwyuTUeqpnokpzu9VMK7ywExt3VZ/gg=="
    },
    "@pixi/mesh": {
      "version": "5.3.0",
      "resolved": "https://registry.npmjs.org/@pixi/mesh/-/mesh-5.3.0.tgz",
      "integrity": "sha512-E1vTvT3Mz7VOpVrDj7OuwE87hcePCZKt7vLVKMOm99WBFR1rclo/HIrQjWFpuGSRTWnE9IcLoVf0gMuBOHobJQ==",
      "requires": {
        "@pixi/constants": "5.3.0",
        "@pixi/core": "5.3.0",
        "@pixi/display": "5.3.0",
        "@pixi/math": "5.3.0",
        "@pixi/settings": "5.3.0",
        "@pixi/utils": "5.3.0"
      }
    },
    "@pixi/mesh-extras": {
      "version": "5.3.0",
      "resolved": "https://registry.npmjs.org/@pixi/mesh-extras/-/mesh-extras-5.3.0.tgz",
      "integrity": "sha512-eWPQ+HijIWNgjtmjhV8HGGFCBr83CZVgSlSEVtNUGJ9m+mZXibTXyu1KDoc3aV82G6g4rZ44b7+TITNQNJ6gyg==",
      "requires": {
        "@pixi/constants": "5.3.0",
        "@pixi/core": "5.3.0",
        "@pixi/math": "5.3.0",
        "@pixi/mesh": "5.3.0",
        "@pixi/utils": "5.3.0"
      }
    },
    "@pixi/mixin-cache-as-bitmap": {
      "version": "5.3.0",
      "resolved": "https://registry.npmjs.org/@pixi/mixin-cache-as-bitmap/-/mixin-cache-as-bitmap-5.3.0.tgz",
      "integrity": "sha512-s82wh0lsf3qK5UDkm6ze4r5mzuW48n0juQGt//2ia99lJlL1qi1EPgSJrY9Ru4ET0XG+cHtYH+pcjPzY9rGCrw==",
      "requires": {
        "@pixi/core": "5.3.0",
        "@pixi/display": "5.3.0",
        "@pixi/math": "5.3.0",
        "@pixi/settings": "5.3.0",
        "@pixi/sprite": "5.3.0",
        "@pixi/utils": "5.3.0"
      }
    },
    "@pixi/mixin-get-child-by-name": {
      "version": "5.3.0",
      "resolved": "https://registry.npmjs.org/@pixi/mixin-get-child-by-name/-/mixin-get-child-by-name-5.3.0.tgz",
      "integrity": "sha512-WlLPGAllfXx4HvemEfgosr1XB6Dw6Ds8D9xPO4HdymXuzmAKOCzgTDShZkUljTu+9k77mVxiNZ1WE0JwQr07ZQ==",
      "requires": {
        "@pixi/display": "5.3.0"
      }
    },
    "@pixi/mixin-get-global-position": {
      "version": "5.3.0",
      "resolved": "https://registry.npmjs.org/@pixi/mixin-get-global-position/-/mixin-get-global-position-5.3.0.tgz",
      "integrity": "sha512-sAq7PjcL4pu1LawRw8cEMMtBDV6cfhxtEp9LDJytilgQMHZA+iRfysbVAGrhJ7e/mPLFYqcuS2N5lFrJKssIxA==",
      "requires": {
        "@pixi/display": "5.3.0",
        "@pixi/math": "5.3.0"
      }
    },
    "@pixi/particles": {
      "version": "5.3.0",
      "resolved": "https://registry.npmjs.org/@pixi/particles/-/particles-5.3.0.tgz",
      "integrity": "sha512-i+HtGIYvrsyLgfRF+38KyPpRM58+dzlwxHzl942t1BeOb3fZXInj/mJMNX7dht9SRpF61Wj8JKSa66pmKay40A==",
      "requires": {
        "@pixi/constants": "5.3.0",
        "@pixi/core": "5.3.0",
        "@pixi/display": "5.3.0",
        "@pixi/math": "5.3.0",
        "@pixi/utils": "5.3.0"
      }
    },
    "@pixi/polyfill": {
      "version": "5.3.0",
      "resolved": "https://registry.npmjs.org/@pixi/polyfill/-/polyfill-5.3.0.tgz",
      "integrity": "sha512-virwKgMUTkak1UhdCTlsm5B8VbL06dgIPboNSMGBjCx7QtSAY0OGOlczljfQGbreWcjYdLob9kwDczmfObiX9A==",
      "requires": {
        "es6-promise-polyfill": "^1.2.0",
        "object-assign": "^4.1.1"
      }
    },
    "@pixi/prepare": {
      "version": "5.3.0",
      "resolved": "https://registry.npmjs.org/@pixi/prepare/-/prepare-5.3.0.tgz",
      "integrity": "sha512-TGzEGkMFDzA8T/zKhe98dh6VoAwT/8VAHRZyWXoHL9Zz7zb5ljC5VqyxEdwrP+mqZWu94Ru7bqM6msNEbKiMLA==",
      "requires": {
        "@pixi/core": "5.3.0",
        "@pixi/display": "5.3.0",
        "@pixi/graphics": "5.3.0",
        "@pixi/settings": "5.3.0",
        "@pixi/text": "5.3.0",
        "@pixi/ticker": "5.3.0"
      }
    },
    "@pixi/runner": {
      "version": "5.3.0",
      "resolved": "https://registry.npmjs.org/@pixi/runner/-/runner-5.3.0.tgz",
      "integrity": "sha512-E/bpmflpqvdRwqV4iyECvRz4heXIISoKRcxxyYV9wT1XstQYICifoxCN1qLqjnAZEZPbQSEnoZDXnqAOtdfWRw=="
    },
    "@pixi/settings": {
      "version": "5.3.0",
      "resolved": "https://registry.npmjs.org/@pixi/settings/-/settings-5.3.0.tgz",
      "integrity": "sha512-SbxdTGSutcxi4mpUVZ45J/YmSpItC0mLuFxS2CprcvIJ6yYf6fVkm5zBIQd5XFiiidEy1hgo66JsOj7bRMJkKg==",
      "requires": {
        "ismobilejs": "^1.1.0"
      }
    },
    "@pixi/sprite": {
      "version": "5.3.0",
      "resolved": "https://registry.npmjs.org/@pixi/sprite/-/sprite-5.3.0.tgz",
      "integrity": "sha512-BOFaSYP4c1Rj9GomuwjVvT6yaXdDqV7us/xGxMZctNVA/x3KSacaS9wMgezledyPUsbSCPzOoaJKFA/ceNoakQ==",
      "requires": {
        "@pixi/constants": "5.3.0",
        "@pixi/core": "5.3.0",
        "@pixi/display": "5.3.0",
        "@pixi/math": "5.3.0",
        "@pixi/settings": "5.3.0",
        "@pixi/utils": "5.3.0"
      }
    },
    "@pixi/sprite-animated": {
      "version": "5.3.0",
      "resolved": "https://registry.npmjs.org/@pixi/sprite-animated/-/sprite-animated-5.3.0.tgz",
      "integrity": "sha512-+QizdTwanp00e1zC2aN2z69BKANbXkRsUhutAPfo7noCMaXjD2Pu9VtX4XvYrYv91E67AT6lAySuw/KG15grrA==",
      "requires": {
        "@pixi/core": "5.3.0",
        "@pixi/sprite": "5.3.0",
        "@pixi/ticker": "5.3.0"
      }
    },
    "@pixi/sprite-tiling": {
      "version": "5.3.0",
      "resolved": "https://registry.npmjs.org/@pixi/sprite-tiling/-/sprite-tiling-5.3.0.tgz",
      "integrity": "sha512-j5FTT4apvqx4USyh8lp13XmlCi6Aa/LpkVBlzccwA5xOtElXG52ArnI+dcC+USCdZH1+DCMWzHZApJ81FEvR6g==",
      "requires": {
        "@pixi/constants": "5.3.0",
        "@pixi/core": "5.3.0",
        "@pixi/display": "5.3.0",
        "@pixi/math": "5.3.0",
        "@pixi/sprite": "5.3.0",
        "@pixi/utils": "5.3.0"
      }
    },
    "@pixi/spritesheet": {
      "version": "5.3.0",
      "resolved": "https://registry.npmjs.org/@pixi/spritesheet/-/spritesheet-5.3.0.tgz",
      "integrity": "sha512-KQQPdvua3pus1OYUZgMj3V9YZwEFocFxZLkY6YMggvdcGA7slLr6rDC4C+PS6OIs4lh24RXxkqsXlz8zH4V2jg==",
      "requires": {
        "@pixi/core": "5.3.0",
        "@pixi/loaders": "5.3.0",
        "@pixi/math": "5.3.0",
        "@pixi/utils": "5.3.0"
      }
    },
    "@pixi/text": {
      "version": "5.3.0",
      "resolved": "https://registry.npmjs.org/@pixi/text/-/text-5.3.0.tgz",
      "integrity": "sha512-495dXenYu4j8nX17NWrdayEzFutY17hAzeGJH4xrPd9D89IWT87mXWJBamhTi66Isdjb67xTOUpavzWMp0ULtQ==",
      "requires": {
        "@pixi/core": "5.3.0",
        "@pixi/math": "5.3.0",
        "@pixi/settings": "5.3.0",
        "@pixi/sprite": "5.3.0",
        "@pixi/utils": "5.3.0"
      }
    },
    "@pixi/text-bitmap": {
      "version": "5.3.0",
      "resolved": "https://registry.npmjs.org/@pixi/text-bitmap/-/text-bitmap-5.3.0.tgz",
      "integrity": "sha512-e4qTFvvolAQYC5hYtVk22CKT80Av3wjsDaXV3dvJAWglLcDLxUSf7n1WVXu36YLvTDZUYU1TxPG8VSuPRNF2QA==",
      "requires": {
        "@pixi/core": "5.3.0",
        "@pixi/display": "5.3.0",
        "@pixi/loaders": "5.3.0",
        "@pixi/math": "5.3.0",
        "@pixi/mesh": "5.3.0",
        "@pixi/settings": "5.3.0",
        "@pixi/text": "5.3.0",
        "@pixi/utils": "5.3.0"
      }
    },
    "@pixi/ticker": {
      "version": "5.3.0",
      "resolved": "https://registry.npmjs.org/@pixi/ticker/-/ticker-5.3.0.tgz",
      "integrity": "sha512-W5QLwaVIiULbxurboEKv0D4JIT4MOBUWQiPy2ViAqil/bQ+iVg5zZUdv0r3L3PzX/ve1fxfS+YxJ2+8WfdDbig==",
      "requires": {
        "@pixi/settings": "5.3.0"
      }
    },
    "@pixi/utils": {
      "version": "5.3.0",
      "resolved": "https://registry.npmjs.org/@pixi/utils/-/utils-5.3.0.tgz",
      "integrity": "sha512-nKjygxKbkhiivsThrVjx5kzihlND92s4Az2qaoiLRtmn9ACXH+NsXtuz8ULjTvA6gdRhHszBbyVAuykWoe84aw==",
      "requires": {
        "@pixi/constants": "5.3.0",
        "@pixi/settings": "5.3.0",
        "earcut": "^2.1.5",
        "eventemitter3": "^3.1.0",
        "url": "^0.11.0"
      }
    },
    "@redux-saga/core": {
      "version": "1.1.3",
      "resolved": "https://registry.npmjs.org/@redux-saga/core/-/core-1.1.3.tgz",
      "integrity": "sha512-8tInBftak8TPzE6X13ABmEtRJGjtK17w7VUs7qV17S8hCO5S3+aUTWZ/DBsBJPdE8Z5jOPwYALyvofgq1Ws+kg==",
      "requires": {
        "@babel/runtime": "^7.6.3",
        "@redux-saga/deferred": "^1.1.2",
        "@redux-saga/delay-p": "^1.1.2",
        "@redux-saga/is": "^1.1.2",
        "@redux-saga/symbols": "^1.1.2",
        "@redux-saga/types": "^1.1.0",
        "redux": "^4.0.4",
        "typescript-tuple": "^2.2.1"
      },
      "dependencies": {
        "redux": {
          "version": "4.0.5",
          "resolved": "https://registry.npmjs.org/redux/-/redux-4.0.5.tgz",
          "integrity": "sha512-VSz1uMAH24DM6MF72vcojpYPtrTUu3ByVWfPL1nPfVRb5mZVTve5GnNCUV53QM/BZ66xfWrm0CTWoM+Xlz8V1w==",
          "requires": {
            "loose-envify": "^1.4.0",
            "symbol-observable": "^1.2.0"
          }
        }
      }
    },
    "@redux-saga/deferred": {
      "version": "1.1.2",
      "resolved": "https://registry.npmjs.org/@redux-saga/deferred/-/deferred-1.1.2.tgz",
      "integrity": "sha512-908rDLHFN2UUzt2jb4uOzj6afpjgJe3MjICaUNO3bvkV/kN/cNeI9PMr8BsFXB/MR8WTAZQq/PlTq8Kww3TBSQ=="
    },
    "@redux-saga/delay-p": {
      "version": "1.1.2",
      "resolved": "https://registry.npmjs.org/@redux-saga/delay-p/-/delay-p-1.1.2.tgz",
      "integrity": "sha512-ojc+1IoC6OP65Ts5+ZHbEYdrohmIw1j9P7HS9MOJezqMYtCDgpkoqB5enAAZrNtnbSL6gVCWPHaoaTY5KeO0/g==",
      "requires": {
        "@redux-saga/symbols": "^1.1.2"
      }
    },
    "@redux-saga/is": {
      "version": "1.1.2",
      "resolved": "https://registry.npmjs.org/@redux-saga/is/-/is-1.1.2.tgz",
      "integrity": "sha512-OLbunKVsCVNTKEf2cH4TYyNbbPgvmZ52iaxBD4I1fTif4+MTXMa4/Z07L83zW/hTCXwpSZvXogqMqLfex2Tg6w==",
      "requires": {
        "@redux-saga/symbols": "^1.1.2",
        "@redux-saga/types": "^1.1.0"
      }
    },
    "@redux-saga/symbols": {
      "version": "1.1.2",
      "resolved": "https://registry.npmjs.org/@redux-saga/symbols/-/symbols-1.1.2.tgz",
      "integrity": "sha512-EfdGnF423glv3uMwLsGAtE6bg+R9MdqlHEzExnfagXPrIiuxwr3bdiAwz3gi+PsrQ3yBlaBpfGLtDG8rf3LgQQ=="
    },
    "@redux-saga/types": {
      "version": "1.1.0",
      "resolved": "https://registry.npmjs.org/@redux-saga/types/-/types-1.1.0.tgz",
      "integrity": "sha512-afmTuJrylUU/0OtqzaRkbyYFFNgCF73Bvel/sw90pvGrWIZ+vyoIJqA6eMSoA6+nb443kTmulmBtC9NerXboNg=="
    },
    "array-union": {
      "version": "1.0.2",
      "resolved": "https://registry.npmjs.org/array-union/-/array-union-1.0.2.tgz",
      "integrity": "sha1-mjRBDk9OPaI96jdb5b5w8kd47Dk=",
      "requires": {
        "array-uniq": "^1.0.1"
      }
    },
    "array-uniq": {
      "version": "1.0.3",
      "resolved": "https://registry.npmjs.org/array-uniq/-/array-uniq-1.0.3.tgz",
      "integrity": "sha1-r2rId6Jcx/dOBYiUdThY39sk/bY="
    },
    "asap": {
      "version": "2.0.6",
      "resolved": "https://registry.npmjs.org/asap/-/asap-2.0.6.tgz",
      "integrity": "sha1-5QNHYR1+aQlDIIu9r+vLwvuGbUY="
    },
    "async": {
      "version": "2.6.3",
      "resolved": "https://registry.npmjs.org/async/-/async-2.6.3.tgz",
      "integrity": "sha512-zflvls11DCy+dQWzTW2dzuilv8Z5X/pjfmZOWba6TNIVDm+2UDaJmXSOXlasHKfNBs8oo3M0aT50fDEWfKZjXg==",
      "requires": {
        "lodash": "^4.17.14"
      }
    },
    "balanced-match": {
      "version": "1.0.0",
      "resolved": "https://registry.npmjs.org/balanced-match/-/balanced-match-1.0.0.tgz",
      "integrity": "sha1-ibTRmasr7kneFk6gK4nORi1xt2c="
    },
    "brace-expansion": {
      "version": "1.1.11",
      "resolved": "https://registry.npmjs.org/brace-expansion/-/brace-expansion-1.1.11.tgz",
      "integrity": "sha512-iCuPHDFgrHX7H2vEI/5xpz07zSHB00TpugqhmYtVmMO6518mCuRMoOYFldEBl0g187ufozdaHgWKcYFb61qGiA==",
      "requires": {
        "balanced-match": "^1.0.0",
        "concat-map": "0.0.1"
      }
    },
    "commander": {
      "version": "2.20.3",
      "resolved": "https://registry.npmjs.org/commander/-/commander-2.20.3.tgz",
      "integrity": "sha512-GpVkmM8vF2vQUkj2LvZmD35JxeJOLCwJ9cUkugyk2nuhbv3+mJvpLYYt+0+USMxE+oj+ey/lJEnhZw75x/OMcQ=="
    },
    "commondir": {
      "version": "1.0.1",
      "resolved": "https://registry.npmjs.org/commondir/-/commondir-1.0.1.tgz",
      "integrity": "sha1-3dgA2gxmEnOTzKWVDqloo6rxJTs="
    },
    "concat-map": {
      "version": "0.0.1",
      "resolved": "https://registry.npmjs.org/concat-map/-/concat-map-0.0.1.tgz",
      "integrity": "sha1-2Klr13/Wjfd5OnMDajug1UBdR3s="
    },
    "core-js": {
      "version": "2.6.11",
      "resolved": "https://registry.npmjs.org/core-js/-/core-js-2.6.11.tgz",
      "integrity": "sha512-5wjnpaT/3dV+XB4borEsnAYQchn00XSgTAWKDkEqv+K8KevjbzmofK6hfJ9TZIlpj2N0xQpazy7PiRQiWHqzWg=="
    },
    "deep-diff": {
      "version": "0.3.8",
      "resolved": "https://registry.npmjs.org/deep-diff/-/deep-diff-0.3.8.tgz",
      "integrity": "sha1-wB3mPvsO7JeYgB1Ax+Da4ltYLIQ="
    },
    "earcut": {
      "version": "2.2.2",
      "resolved": "https://registry.npmjs.org/earcut/-/earcut-2.2.2.tgz",
      "integrity": "sha512-eZoZPPJcUHnfRZ0PjLvx2qBordSiO8ofC3vt+qACLM95u+4DovnbYNpQtJh0DNsWj8RnxrQytD4WA8gj5cRIaQ=="
    },
    "email-addresses": {
      "version": "3.1.0",
      "resolved": "https://registry.npmjs.org/email-addresses/-/email-addresses-3.1.0.tgz",
      "integrity": "sha512-k0/r7GrWVL32kZlGwfPNgB2Y/mMXVTq/decgLczm/j34whdaspNrZO8CnXPf1laaHxI6ptUlsnAxN+UAPw+fzg=="
    },
    "encoding": {
      "version": "0.1.13",
      "resolved": "https://registry.npmjs.org/encoding/-/encoding-0.1.13.tgz",
      "integrity": "sha512-ETBauow1T35Y/WZMkio9jiM0Z5xjHHmJ4XmjZOq1l/dXz3lr2sRn87nJy20RupqSh1F2m3HHPSp8ShIPQJrJ3A==",
      "requires": {
        "iconv-lite": "^0.6.2"
      },
      "dependencies": {
        "iconv-lite": {
          "version": "0.6.2",
          "resolved": "https://registry.npmjs.org/iconv-lite/-/iconv-lite-0.6.2.tgz",
          "integrity": "sha512-2y91h5OpQlolefMPmUlivelittSWy0rP+oYVpn6A7GwVHNE8AWzoYOBNmlwks3LobaJxgHCYZAnyNo2GgpNRNQ==",
          "requires": {
            "safer-buffer": ">= 2.1.2 < 3.0.0"
          }
        }
      }
    },
    "es6-promise-polyfill": {
      "version": "1.2.0",
      "resolved": "https://registry.npmjs.org/es6-promise-polyfill/-/es6-promise-polyfill-1.2.0.tgz",
      "integrity": "sha1-84kl8jyz4+jObNqP93T867sJDN4="
    },
    "escape-string-regexp": {
      "version": "1.0.5",
      "resolved": "https://registry.npmjs.org/escape-string-regexp/-/escape-string-regexp-1.0.5.tgz",
      "integrity": "sha1-G2HAViGQqN/2rjuyzwIAyhMLhtQ="
    },
    "eventemitter3": {
      "version": "3.1.2",
      "resolved": "https://registry.npmjs.org/eventemitter3/-/eventemitter3-3.1.2.tgz",
      "integrity": "sha512-tvtQIeLVHjDkJYnzf2dgVMxfuSGJeM/7UCG17TT4EumTfNtF+0nebF/4zWOIkCreAbtNqhGEboB6BWrwqNaw4Q=="
    },
    "fbjs": {
      "version": "1.0.0",
      "resolved": "https://registry.npmjs.org/fbjs/-/fbjs-1.0.0.tgz",
      "integrity": "sha512-MUgcMEJaFhCaF1QtWGnmq9ZDRAzECTCRAF7O6UZIlAlkTs1SasiX9aP0Iw7wfD2mJ7wDTNfg2w7u5fSCwJk1OA==",
      "requires": {
        "core-js": "^2.4.1",
        "fbjs-css-vars": "^1.0.0",
        "isomorphic-fetch": "^2.1.1",
        "loose-envify": "^1.0.0",
        "object-assign": "^4.1.0",
        "promise": "^7.1.1",
        "setimmediate": "^1.0.5",
        "ua-parser-js": "^0.7.18"
      }
    },
    "fbjs-css-vars": {
      "version": "1.0.2",
      "resolved": "https://registry.npmjs.org/fbjs-css-vars/-/fbjs-css-vars-1.0.2.tgz",
      "integrity": "sha512-b2XGFAFdWZWg0phtAWLHCk836A1Xann+I+Dgd3Gk64MHKZO44FfoD1KxyvbSh0qZsIoXQGGlVztIY+oitJPpRQ=="
    },
    "filename-reserved-regex": {
      "version": "1.0.0",
      "resolved": "https://registry.npmjs.org/filename-reserved-regex/-/filename-reserved-regex-1.0.0.tgz",
      "integrity": "sha1-5hz4BfDeHJhFZ9A4bcXfUO5a9+Q="
    },
    "filenamify": {
      "version": "1.2.1",
      "resolved": "https://registry.npmjs.org/filenamify/-/filenamify-1.2.1.tgz",
      "integrity": "sha1-qfL/0RxQO+0wABUCknI3jx8TZaU=",
      "requires": {
        "filename-reserved-regex": "^1.0.0",
        "strip-outer": "^1.0.0",
        "trim-repeated": "^1.0.0"
      }
    },
    "filenamify-url": {
      "version": "1.0.0",
      "resolved": "https://registry.npmjs.org/filenamify-url/-/filenamify-url-1.0.0.tgz",
      "integrity": "sha1-syvYExnvWGO3MHi+1Q9GpPeXX1A=",
      "requires": {
        "filenamify": "^1.0.0",
        "humanize-url": "^1.0.0"
      }
    },
    "fs-extra": {
      "version": "8.1.0",
      "resolved": "https://registry.npmjs.org/fs-extra/-/fs-extra-8.1.0.tgz",
      "integrity": "sha512-yhlQgA6mnOJUKOsRUFsgJdQCvkKhcz8tlZG5HBQfReYZy46OwLcY+Zia0mtdHsOo9y/hP+CxMN0TU9QxoOtG4g==",
      "requires": {
        "graceful-fs": "^4.2.0",
        "jsonfile": "^4.0.0",
        "universalify": "^0.1.0"
      }
    },
    "fs.realpath": {
      "version": "1.0.0",
      "resolved": "https://registry.npmjs.org/fs.realpath/-/fs.realpath-1.0.0.tgz",
      "integrity": "sha1-FQStJSMVjKpA20onh8sBQRmU6k8="
    },
    "gh-pages": {
      "version": "3.1.0",
      "resolved": "https://registry.npmjs.org/gh-pages/-/gh-pages-3.1.0.tgz",
      "integrity": "sha512-3b1rly9kuf3/dXsT8+ZxP0UhNLOo1CItj+3e31yUVcaph/yDsJ9RzD7JOw5o5zpBTJVQLlJAASNkUfepi9fe2w==",
      "requires": {
        "async": "^2.6.1",
        "commander": "^2.18.0",
        "email-addresses": "^3.0.1",
        "filenamify-url": "^1.0.0",
        "find-cache-dir": "^3.3.1",
        "fs-extra": "^8.1.0",
        "globby": "^6.1.0"
      },
      "dependencies": {
        "find-cache-dir": {
          "version": "3.3.1",
          "resolved": "https://registry.npmjs.org/find-cache-dir/-/find-cache-dir-3.3.1.tgz",
          "integrity": "sha512-t2GDMt3oGC/v+BMwzmllWDuJF/xcDtE5j/fCGbqDD7OLuJkj0cfh1YSA5VKPvwMeLFLNDBkwOKZ2X85jGLVftQ==",
          "requires": {
            "commondir": "^1.0.1",
            "make-dir": "^3.0.2",
            "pkg-dir": "^4.1.0"
          }
        },
        "find-up": {
          "version": "4.1.0",
          "resolved": "https://registry.npmjs.org/find-up/-/find-up-4.1.0.tgz",
          "integrity": "sha512-PpOwAdQ/YlXQ2vj8a3h8IipDuYRi3wceVQQGYWxNINccq40Anw7BlsEXCMbt1Zt+OLA6Fq9suIpIWD0OsnISlw==",
          "requires": {
            "locate-path": "^5.0.0",
            "path-exists": "^4.0.0"
          }
        },
        "globby": {
          "version": "6.1.0",
          "resolved": "https://registry.npmjs.org/globby/-/globby-6.1.0.tgz",
          "integrity": "sha1-9abXDoOV4hyFj7BInWTfAkJNUGw=",
          "requires": {
            "array-union": "^1.0.1",
            "glob": "^7.0.3",
            "object-assign": "^4.0.1",
            "pify": "^2.0.0",
            "pinkie-promise": "^2.0.0"
          }
        },
        "locate-path": {
          "version": "5.0.0",
          "resolved": "https://registry.npmjs.org/locate-path/-/locate-path-5.0.0.tgz",
          "integrity": "sha512-t7hw9pI+WvuwNJXwk5zVHpyhIqzg2qTlklJOf0mVxGSbe3Fp2VieZcduNYjaLDoy6p9uGpQEGWG87WpMKlNq8g==",
          "requires": {
            "p-locate": "^4.1.0"
          }
        },
        "make-dir": {
          "version": "3.1.0",
          "resolved": "https://registry.npmjs.org/make-dir/-/make-dir-3.1.0.tgz",
          "integrity": "sha512-g3FeP20LNwhALb/6Cz6Dd4F2ngze0jz7tbzrD2wAV+o9FeNHe4rL+yK2md0J/fiSf1sa1ADhXqi5+oVwOM/eGw==",
          "requires": {
            "semver": "^6.0.0"
          }
        },
        "p-locate": {
          "version": "4.1.0",
          "resolved": "https://registry.npmjs.org/p-locate/-/p-locate-4.1.0.tgz",
          "integrity": "sha512-R79ZZ/0wAxKGu3oYMlz8jy/kbhsNrS7SKZ7PxEHBgJ5+F2mtFW2fK2cOtBh1cHYkQsbzFV7I+EoRKe6Yt0oK7A==",
          "requires": {
            "p-limit": "^2.2.0"
          }
        },
        "path-exists": {
          "version": "4.0.0",
          "resolved": "https://registry.npmjs.org/path-exists/-/path-exists-4.0.0.tgz",
          "integrity": "sha512-ak9Qy5Q7jYb2Wwcey5Fpvg2KoAc/ZIhLSLOSBmRmygPsGwkVVt0fZa0qrtMz+m6tJTAHfZQ8FnmB4MG4LWy7/w=="
        },
        "pify": {
          "version": "2.3.0",
          "resolved": "https://registry.npmjs.org/pify/-/pify-2.3.0.tgz",
          "integrity": "sha1-7RQaasBDqEnqWISY59yosVMw6Qw="
        },
        "pkg-dir": {
          "version": "4.2.0",
          "resolved": "https://registry.npmjs.org/pkg-dir/-/pkg-dir-4.2.0.tgz",
          "integrity": "sha512-HRDzbaKjC+AOWVXxAU/x54COGeIv9eb+6CkDSQoNTt4XyWoIJvuPsXizxu/Fr23EiekbtZwmh1IcIG/l/a10GQ==",
          "requires": {
            "find-up": "^4.0.0"
          }
        },
        "semver": {
          "version": "6.3.0",
          "resolved": "https://registry.npmjs.org/semver/-/semver-6.3.0.tgz",
          "integrity": "sha512-b39TBaTSfV6yBrapU89p5fKekE2m/NwnDocOVruQFS1/veMgdzuPcnOM34M6CwxW8jH/lxEa5rBoDeUwu5HHTw=="
        }
      }
    },
    "glob": {
      "version": "7.1.6",
      "resolved": "https://registry.npmjs.org/glob/-/glob-7.1.6.tgz",
      "integrity": "sha512-LwaxwyZ72Lk7vZINtNNrywX0ZuLyStrdDtabefZKAY5ZGJhVtgdznluResxNmPitE0SAO+O26sWTHeKSI2wMBA==",
      "requires": {
        "fs.realpath": "^1.0.0",
        "inflight": "^1.0.4",
        "inherits": "2",
        "minimatch": "^3.0.4",
        "once": "^1.3.0",
        "path-is-absolute": "^1.0.0"
      }
    },
    "graceful-fs": {
      "version": "4.2.4",
      "resolved": "https://registry.npmjs.org/graceful-fs/-/graceful-fs-4.2.4.tgz",
      "integrity": "sha512-WjKPNJF79dtJAVniUlGGWHYGz2jWxT6VhN/4m1NdkbZ2nOsEF+cI1Edgql5zCRhs/VsQYRvrXctxktVXZUkixw=="
    },
    "hoist-non-react-statics": {
      "version": "3.3.2",
      "resolved": "https://registry.npmjs.org/hoist-non-react-statics/-/hoist-non-react-statics-3.3.2.tgz",
      "integrity": "sha512-/gGivxi8JPKWNm/W0jSmzcMPpfpPLc3dY/6GxhX2hQ9iGj3aDfklV4ET7NjKpSinLpJ5vafa9iiGIEZg10SfBw==",
      "requires": {
        "react-is": "^16.7.0"
      }
    },
    "humanize-url": {
      "version": "1.0.1",
      "resolved": "https://registry.npmjs.org/humanize-url/-/humanize-url-1.0.1.tgz",
      "integrity": "sha1-9KuZ4NKIF0yk4eUEB8VfuuRk7/8=",
      "requires": {
        "normalize-url": "^1.0.0",
        "strip-url-auth": "^1.0.0"
      }
    },
    "inflight": {
      "version": "1.0.6",
      "resolved": "https://registry.npmjs.org/inflight/-/inflight-1.0.6.tgz",
      "integrity": "sha1-Sb1jMdfQLQwJvJEKEHW6gWW1bfk=",
      "requires": {
        "once": "^1.3.0",
        "wrappy": "1"
      }
    },
    "inherits": {
      "version": "2.0.4",
      "resolved": "https://registry.npmjs.org/inherits/-/inherits-2.0.4.tgz",
      "integrity": "sha512-k/vGaX4/Yla3WzyMCvTQOXYeIHvqOKtnqBduzTHpzpQZzAskKMhZ2K+EnBiSM9zGSoIFeMpXKxa4dYeZIQqewQ=="
    },
    "is-plain-obj": {
      "version": "1.1.0",
      "resolved": "https://registry.npmjs.org/is-plain-obj/-/is-plain-obj-1.1.0.tgz",
      "integrity": "sha1-caUMhCnfync8kqOQpKA7OfzVHT4="
    },
    "is-stream": {
      "version": "1.1.0",
      "resolved": "https://registry.npmjs.org/is-stream/-/is-stream-1.1.0.tgz",
      "integrity": "sha1-EtSj3U5o4Lec6428hBc66A2RykQ="
    },
    "ismobilejs": {
      "version": "1.1.1",
      "resolved": "https://registry.npmjs.org/ismobilejs/-/ismobilejs-1.1.1.tgz",
      "integrity": "sha512-VaFW53yt8QO61k2WJui0dHf4SlL8lxBofUuUmwBo0ljPk0Drz2TiuDW4jo3wDcv41qy/SxrJ+VAzJ/qYqsmzRw=="
    },
    "isomorphic-fetch": {
      "version": "2.2.1",
      "resolved": "https://registry.npmjs.org/isomorphic-fetch/-/isomorphic-fetch-2.2.1.tgz",
      "integrity": "sha1-YRrhrPFPXoH3KVB0coGf6XM1WKk=",
      "requires": {
        "node-fetch": "^1.0.1",
        "whatwg-fetch": ">=0.10.0"
      }
    },
    "js-tokens": {
      "version": "4.0.0",
      "resolved": "https://registry.npmjs.org/js-tokens/-/js-tokens-4.0.0.tgz",
      "integrity": "sha512-RdJUflcE3cUzKiMqQgsCu06FPu9UdIJO0beYbPhHN4k6apgJtifcoCtT9bcxOpYBtpD2kCM6Sbzg4CausW/PKQ=="
    },
    "jsonfile": {
      "version": "4.0.0",
      "resolved": "https://registry.npmjs.org/jsonfile/-/jsonfile-4.0.0.tgz",
      "integrity": "sha1-h3Gq4HmbZAdrdmQPygWPnBDjPss=",
      "requires": {
        "graceful-fs": "^4.1.6"
      }
    },
    "lodash": {
      "version": "4.17.19",
      "resolved": "https://registry.npmjs.org/lodash/-/lodash-4.17.19.tgz",
      "integrity": "sha512-JNvd8XER9GQX0v2qJgsaN/mzFCNA5BRe/j8JN9d+tWyGLSodKQHKFicdwNYzWwI3wjRnaKPsGj1XkBjx/F96DQ=="
    },
    "loose-envify": {
      "version": "1.4.0",
      "resolved": "https://registry.npmjs.org/loose-envify/-/loose-envify-1.4.0.tgz",
      "integrity": "sha512-lyuxPGr/Wfhrlem2CL/UcnUc1zcqKAImBDzukY7Y5F/yQiNdko6+fRLevlw1HgMySw7f611UIY408EtxRSoK3Q==",
      "requires": {
        "js-tokens": "^3.0.0 || ^4.0.0"
      }
    },
    "mini-signals": {
      "version": "1.2.0",
      "resolved": "https://registry.npmjs.org/mini-signals/-/mini-signals-1.2.0.tgz",
      "integrity": "sha1-RbCAE8X65RokqhqTXNMXye1yHXQ="
    },
    "minimatch": {
      "version": "3.0.4",
      "resolved": "https://registry.npmjs.org/minimatch/-/minimatch-3.0.4.tgz",
      "integrity": "sha512-yJHVQEhyqPLUTgt9B83PXu6W3rx4MvvHvSUvToogpwoGDOUQ+yDrR0HRot+yOCdCO7u4hX3pWft6kWBBcqh0UA==",
      "requires": {
        "brace-expansion": "^1.1.7"
      }
    },
    "node-fetch": {
      "version": "1.7.3",
      "resolved": "https://registry.npmjs.org/node-fetch/-/node-fetch-1.7.3.tgz",
      "integrity": "sha512-NhZ4CsKx7cYm2vSrBAr2PvFOe6sWDf0UYLRqA6svUYg7+/TSfVAu49jYC4BvQ4Sms9SZgdqGBgroqfDhJdTyKQ==",
      "requires": {
        "encoding": "^0.1.11",
        "is-stream": "^1.0.1"
      }
    },
    "normalize-url": {
      "version": "1.9.1",
      "resolved": "https://registry.npmjs.org/normalize-url/-/normalize-url-1.9.1.tgz",
      "integrity": "sha1-LMDWazHqIwNkWENuNiDYWVTGbDw=",
      "requires": {
        "object-assign": "^4.0.1",
        "prepend-http": "^1.0.0",
        "query-string": "^4.1.0",
        "sort-keys": "^1.0.0"
      }
    },
    "object-assign": {
      "version": "4.1.1",
      "resolved": "https://registry.npmjs.org/object-assign/-/object-assign-4.1.1.tgz",
      "integrity": "sha1-IQmtx5ZYh8/AXLvUQsrIv7s2CGM="
    },
    "once": {
      "version": "1.4.0",
      "resolved": "https://registry.npmjs.org/once/-/once-1.4.0.tgz",
      "integrity": "sha1-WDsap3WWHUsROsF9nFC6753Xa9E=",
      "requires": {
        "wrappy": "1"
      }
    },
    "p-limit": {
      "version": "2.3.0",
      "resolved": "https://registry.npmjs.org/p-limit/-/p-limit-2.3.0.tgz",
      "integrity": "sha512-//88mFWSJx8lxCzwdAABTJL2MyWB12+eIY7MDL2SqLmAkeKU9qxRvWuSyTjm3FUmpBEMuFfckAIqEaVGUDxb6w==",
      "requires": {
        "p-try": "^2.0.0"
      }
    },
    "p-try": {
      "version": "2.2.0",
      "resolved": "https://registry.npmjs.org/p-try/-/p-try-2.2.0.tgz",
      "integrity": "sha512-R4nPAVTAU0B9D35/Gk3uJf/7XYbQcyohSKdvAxIRSNghFl4e71hVoGnBNQz9cWaXxO2I10KTC+3jMdvvoKw6dQ=="
    },
    "parse-uri": {
      "version": "1.0.0",
      "resolved": "https://registry.npmjs.org/parse-uri/-/parse-uri-1.0.0.tgz",
      "integrity": "sha1-KHLcwi8aeXrN4Vg9igrClVLdrCA="
    },
    "path-is-absolute": {
      "version": "1.0.1",
      "resolved": "https://registry.npmjs.org/path-is-absolute/-/path-is-absolute-1.0.1.tgz",
      "integrity": "sha1-F0uSaHNVNP+8es5r9TpanhtcX18="
    },
    "performance-now": {
      "version": "2.1.0",
      "resolved": "https://registry.npmjs.org/performance-now/-/performance-now-2.1.0.tgz",
      "integrity": "sha1-Ywn04OX6kT7BxpMHrjZLSzd8nns="
    },
    "pinkie": {
      "version": "2.0.4",
      "resolved": "https://registry.npmjs.org/pinkie/-/pinkie-2.0.4.tgz",
      "integrity": "sha1-clVrgM+g1IqXToDnckjoDtT3+HA="
    },
    "pinkie-promise": {
      "version": "2.0.1",
      "resolved": "https://registry.npmjs.org/pinkie-promise/-/pinkie-promise-2.0.1.tgz",
      "integrity": "sha1-ITXW36ejWMBprJsXh3YogihFD/o=",
      "requires": {
        "pinkie": "^2.0.0"
      }
    },
    "pixi.js": {
      "version": "5.3.0",
      "requires": {
        "@pixi/accessibility": "5.3.0",
        "@pixi/app": "5.3.0",
        "@pixi/constants": "5.3.0",
        "@pixi/core": "5.3.0",
        "@pixi/display": "5.3.0",
        "@pixi/extract": "5.3.0",
        "@pixi/filter-alpha": "5.3.0",
        "@pixi/filter-blur": "5.3.0",
        "@pixi/filter-color-matrix": "5.3.0",
        "@pixi/filter-displacement": "5.3.0",
        "@pixi/filter-fxaa": "5.3.0",
        "@pixi/filter-noise": "5.3.0",
        "@pixi/graphics": "5.3.0",
        "@pixi/interaction": "5.3.0",
        "@pixi/loaders": "5.3.0",
        "@pixi/math": "5.3.0",
        "@pixi/mesh": "5.3.0",
        "@pixi/mesh-extras": "5.3.0",
        "@pixi/mixin-cache-as-bitmap": "5.3.0",
        "@pixi/mixin-get-child-by-name": "5.3.0",
        "@pixi/mixin-get-global-position": "5.3.0",
        "@pixi/particles": "5.3.0",
        "@pixi/polyfill": "5.3.0",
        "@pixi/prepare": "5.3.0",
        "@pixi/runner": "5.3.0",
        "@pixi/settings": "5.3.0",
        "@pixi/sprite": "5.3.0",
        "@pixi/sprite-animated": "5.3.0",
        "@pixi/sprite-tiling": "5.3.0",
        "@pixi/spritesheet": "5.3.0",
        "@pixi/text": "5.3.0",
        "@pixi/text-bitmap": "5.3.0",
        "@pixi/ticker": "5.3.0",
        "@pixi/utils": "5.3.0"
      }
    },
    "prepend-http": {
      "version": "1.0.4",
      "resolved": "https://registry.npmjs.org/prepend-http/-/prepend-http-1.0.4.tgz",
      "integrity": "sha1-1PRWKwzjaW5BrFLQ4ALlemNdxtw="
    },
    "promise": {
      "version": "7.3.1",
      "resolved": "https://registry.npmjs.org/promise/-/promise-7.3.1.tgz",
      "integrity": "sha512-nolQXZ/4L+bP/UGlkfaIujX9BKxGwmQ9OT4mOt5yvy8iK1h3wqTEJCijzGANTCCl9nWjY41juyAn2K3Q1hLLTg==",
      "requires": {
        "asap": "~2.0.3"
      }
    },
    "query-string": {
      "version": "4.3.4",
      "resolved": "https://registry.npmjs.org/query-string/-/query-string-4.3.4.tgz",
      "integrity": "sha1-u7aTucqRXCMlFbIosaArYJBD2+s=",
      "requires": {
        "object-assign": "^4.1.0",
        "strict-uri-encode": "^1.0.0"
      }
    },
    "querystring": {
      "version": "0.2.0",
      "resolved": "https://registry.npmjs.org/querystring/-/querystring-0.2.0.tgz",
      "integrity": "sha1-sgmEkgO7Jd+CDadW50cAWHhSFiA="
    },
    "react": {
      "version": "16.13.1",
      "requires": {
        "loose-envify": "^1.1.0",
        "object-assign": "^4.1.1",
        "prop-types": "^15.6.2"
      },
      "dependencies": {
        "prop-types": {
          "version": "15.7.2",
          "resolved": "https://registry.npmjs.org/prop-types/-/prop-types-15.7.2.tgz",
          "integrity": "sha512-8QQikdH7//R2vurIJSutZ1smHYTcLpRWEOlHnzcWHmBYrOGUysKwSsrC89BCiFj3CbrfJ/nXFdJepOVrY1GCHQ==",
          "requires": {
            "loose-envify": "^1.4.0",
            "object-assign": "^4.1.1",
            "react-is": "^16.8.1"
          }
        }
      }
    },
    "react-dom": {
      "version": "16.13.1",
      "requires": {
        "loose-envify": "^1.1.0",
        "object-assign": "^4.1.1",
        "prop-types": "^15.6.2",
        "scheduler": "^0.19.1"
      },
      "dependencies": {
        "prop-types": {
          "version": "15.7.2",
          "resolved": "https://registry.npmjs.org/prop-types/-/prop-types-15.7.2.tgz",
          "integrity": "sha512-8QQikdH7//R2vurIJSutZ1smHYTcLpRWEOlHnzcWHmBYrOGUysKwSsrC89BCiFj3CbrfJ/nXFdJepOVrY1GCHQ==",
          "requires": {
            "loose-envify": "^1.4.0",
            "object-assign": "^4.1.1",
            "react-is": "^16.8.1"
          }
        }
      }
    },
    "react-is": {
      "version": "16.13.1",
      "resolved": "https://registry.npmjs.org/react-is/-/react-is-16.13.1.tgz",
      "integrity": "sha512-24e6ynE2H+OKt4kqsOvNd8kBpV65zoxbA4BVsEOB3ARVWQki/DHzaUoC5KuON/BiccDaCCTZBuOcfZs70kR8bQ=="
    },
    "react-reconciler": {
      "version": "0.25.1",
      "resolved": "https://registry.npmjs.org/react-reconciler/-/react-reconciler-0.25.1.tgz",
      "integrity": "sha512-R5UwsIvRcSs3w8n9k3tBoTtUHdVhu9u84EG7E5M0Jk9F5i6DA1pQzPfUZd6opYWGy56MJOtV3VADzy6DRwYDjw==",
      "requires": {
        "loose-envify": "^1.1.0",
        "object-assign": "^4.1.1",
        "prop-types": "^15.6.2",
        "scheduler": "^0.19.1"
      },
      "dependencies": {
        "prop-types": {
          "version": "15.7.2",
          "resolved": "https://registry.npmjs.org/prop-types/-/prop-types-15.7.2.tgz",
          "integrity": "sha512-8QQikdH7//R2vurIJSutZ1smHYTcLpRWEOlHnzcWHmBYrOGUysKwSsrC89BCiFj3CbrfJ/nXFdJepOVrY1GCHQ==",
          "requires": {
            "loose-envify": "^1.4.0",
            "object-assign": "^4.1.1",
            "react-is": "^16.8.1"
          }
        }
      }
    },
    "react-redux": {
      "version": "7.2.0",
      "requires": {
        "@babel/runtime": "^7.5.5",
        "hoist-non-react-statics": "^3.3.0",
        "loose-envify": "^1.4.0",
        "prop-types": "^15.7.2",
        "react-is": "^16.9.0"
      },
      "dependencies": {
        "prop-types": {
          "version": "15.7.2",
          "resolved": "https://registry.npmjs.org/prop-types/-/prop-types-15.7.2.tgz",
          "integrity": "sha512-8QQikdH7//R2vurIJSutZ1smHYTcLpRWEOlHnzcWHmBYrOGUysKwSsrC89BCiFj3CbrfJ/nXFdJepOVrY1GCHQ==",
          "requires": {
            "loose-envify": "^1.4.0",
            "object-assign": "^4.1.1",
            "react-is": "^16.8.1"
          }
        }
      }
    },
    "redux-logger": {
      "version": "3.0.6",
      "requires": {
        "deep-diff": "^0.3.5"
      }
    },
    "redux-saga": {
      "version": "1.1.3",
      "requires": {
        "@redux-saga/core": "^1.1.3"
      }
    },
    "regenerator-runtime": {
      "version": "0.13.7",
      "resolved": "https://registry.npmjs.org/regenerator-runtime/-/regenerator-runtime-0.13.7.tgz",
      "integrity": "sha512-a54FxoJDIr27pgf7IgeQGxmqUNYrcV338lf/6gH456HZ/PhX+5BcwHXG9ajESmwe6WRO0tAzRUrRmNONWgkrew=="
    },
    "resource-loader": {
      "version": "3.0.1",
      "resolved": "https://registry.npmjs.org/resource-loader/-/resource-loader-3.0.1.tgz",
      "integrity": "sha512-fBuCRbEHdLCI1eglzQhUv9Rrdcmqkydr1r6uHE2cYHvRBrcLXeSmbE/qI/urFt8rPr/IGxir3BUwM5kUK8XoyA==",
      "requires": {
        "mini-signals": "^1.2.0",
        "parse-uri": "^1.0.0"
      }
    },
    "safer-buffer": {
      "version": "2.1.2",
      "resolved": "https://registry.npmjs.org/safer-buffer/-/safer-buffer-2.1.2.tgz",
      "integrity": "sha512-YZo3K82SD7Riyi0E1EQPojLz7kpepnSQI9IyPbHHg1XXXevb5dJI7tpyN2ADxGcQbHG7vcyRHk0cbwqcQriUtg=="
    },
    "scheduler": {
      "version": "0.19.1",
      "resolved": "https://registry.npmjs.org/scheduler/-/scheduler-0.19.1.tgz",
      "integrity": "sha512-n/zwRWRYSUj0/3g/otKDRPMh6qv2SYMWNq85IEa8iZyAv8od9zDYpGSnpBEjNgcMNq6Scbu5KfIPxNF72R/2EA==",
      "requires": {
        "loose-envify": "^1.1.0",
        "object-assign": "^4.1.1"
      }
    },
    "setimmediate": {
      "version": "1.0.5",
      "resolved": "https://registry.npmjs.org/setimmediate/-/setimmediate-1.0.5.tgz",
      "integrity": "sha1-KQy7Iy4waULX1+qbg3Mqt4VvgoU="
    },
    "sort-keys": {
      "version": "1.1.2",
      "resolved": "https://registry.npmjs.org/sort-keys/-/sort-keys-1.1.2.tgz",
      "integrity": "sha1-RBttTTRnmPG05J6JIK37oOVD+a0=",
      "requires": {
        "is-plain-obj": "^1.0.0"
      }
    },
    "strict-uri-encode": {
      "version": "1.1.0",
      "resolved": "https://registry.npmjs.org/strict-uri-encode/-/strict-uri-encode-1.1.0.tgz",
      "integrity": "sha1-J5siXfHVgrH1TmWt3UNS4Y+qBxM="
    },
    "strip-outer": {
      "version": "1.0.1",
      "resolved": "https://registry.npmjs.org/strip-outer/-/strip-outer-1.0.1.tgz",
      "integrity": "sha512-k55yxKHwaXnpYGsOzg4Vl8+tDrWylxDEpknGjhTiZB8dFRU5rTo9CAzeycivxV3s+zlTKwrs6WxMxR95n26kwg==",
      "requires": {
        "escape-string-regexp": "^1.0.2"
      }
    },
    "strip-url-auth": {
      "version": "1.0.1",
      "resolved": "https://registry.npmjs.org/strip-url-auth/-/strip-url-auth-1.0.1.tgz",
      "integrity": "sha1-IrD6OkE4WzO+PzMVUbu4N/oM164="
    },
    "symbol-observable": {
      "version": "1.2.0",
      "resolved": "https://registry.npmjs.org/symbol-observable/-/symbol-observable-1.2.0.tgz",
      "integrity": "sha512-e900nM8RRtGhlV36KGEU9k65K3mPb1WV70OdjfxlG2EAuM1noi/E/BaW/uMhL7bPEssK8QV57vN3esixjUvcXQ=="
    },
    "trim-repeated": {
      "version": "1.0.0",
      "resolved": "https://registry.npmjs.org/trim-repeated/-/trim-repeated-1.0.0.tgz",
      "integrity": "sha1-42RqLqTokTEr9+rObPsFOAvAHCE=",
      "requires": {
        "escape-string-regexp": "^1.0.2"
      }
    },
    "typescript-compare": {
      "version": "0.0.2",
      "resolved": "https://registry.npmjs.org/typescript-compare/-/typescript-compare-0.0.2.tgz",
      "integrity": "sha512-8ja4j7pMHkfLJQO2/8tut7ub+J3Lw2S3061eJLFQcvs3tsmJKp8KG5NtpLn7KcY2w08edF74BSVN7qJS0U6oHA==",
      "requires": {
        "typescript-logic": "^0.0.0"
      }
    },
    "typescript-logic": {
      "version": "0.0.0",
      "resolved": "https://registry.npmjs.org/typescript-logic/-/typescript-logic-0.0.0.tgz",
      "integrity": "sha512-zXFars5LUkI3zP492ls0VskH3TtdeHCqu0i7/duGt60i5IGPIpAHE/DWo5FqJ6EjQ15YKXrt+AETjv60Dat34Q=="
    },
    "typescript-tuple": {
      "version": "2.2.1",
      "resolved": "https://registry.npmjs.org/typescript-tuple/-/typescript-tuple-2.2.1.tgz",
      "integrity": "sha512-Zcr0lbt8z5ZdEzERHAMAniTiIKerFCMgd7yjq1fPnDJ43et/k9twIFQMUYff9k5oXcsQ0WpvFcgzK2ZKASoW6Q==",
      "requires": {
        "typescript-compare": "^0.0.2"
      }
    },
    "ua-parser-js": {
      "version": "0.7.21",
      "resolved": "https://registry.npmjs.org/ua-parser-js/-/ua-parser-js-0.7.21.tgz",
      "integrity": "sha512-+O8/qh/Qj8CgC6eYBVBykMrNtp5Gebn4dlGD/kKXVkJNDwyrAwSIqwz8CDf+tsAIWVycKcku6gIXJ0qwx/ZXaQ=="
    },
    "universalify": {
      "version": "0.1.2",
      "resolved": "https://registry.npmjs.org/universalify/-/universalify-0.1.2.tgz",
      "integrity": "sha512-rBJeI5CXAlmy1pV+617WB9J63U6XcazHHF2f2dbJix4XzpUF0RS3Zbj0FGIOCAva5P/d/GBOYaACQ1w+0azUkg=="
    },
    "url": {
      "version": "0.11.0",
      "resolved": "https://registry.npmjs.org/url/-/url-0.11.0.tgz",
      "integrity": "sha1-ODjpfPxgUh63PFJajlW/3Z4uKPE=",
      "requires": {
        "punycode": "1.3.2",
        "querystring": "0.2.0"
      },
      "dependencies": {
        "punycode": {
          "version": "1.3.2",
          "resolved": "https://registry.npmjs.org/punycode/-/punycode-1.3.2.tgz",
          "integrity": "sha1-llOgNvt8HuQjQvIyXM7v6jkmxI0="
        }
      }
    },
    "whatwg-fetch": {
      "version": "3.4.0",
      "resolved": "https://registry.npmjs.org/whatwg-fetch/-/whatwg-fetch-3.4.0.tgz",
      "integrity": "sha512-rsum2ulz2iuZH08mJkT0Yi6JnKhwdw4oeyMjokgxd+mmqYSd9cPpOQf01TIWgjxG/U4+QR+AwKq6lSbXVxkyoQ=="
    },
    "wrappy": {
      "version": "1.0.2",
      "resolved": "https://registry.npmjs.org/wrappy/-/wrappy-1.0.2.tgz",
      "integrity": "sha1-tSQ9jz7BqjXxNkYFvA0QNuMKtp8="
    }
  }
}
